Microsoft Visual Studio Solution File, Format Version 12.00
# Visual Studio Version 17
VisualStudioVersion = 17.5.2.0
MinimumVisualStudioVersion = 10.0.40219.1
Project("{FAE04EC0-301F-11D3-BF4B-00C04F79EFBC}") = "TecBankAPI", "TecBankAPI.csproj", "{0367A329-BFF4-1A9C-0EED-75DE74951158}"
EndProject
Global
	GlobalSection(SolutionConfigurationPlatforms) = preSolution
		Debug|Any CPU = Debug|Any CPU
		Release|Any CPU = Release|Any CPU
	EndGlobalSection
	GlobalSection(ProjectConfigurationPlatforms) = postSolution
		{0367A329-BFF4-1A9C-0EED-75DE74951158}.Debug|Any CPU.ActiveCfg = Debug|Any CPU
		{0367A329-BFF4-1A9C-0EED-75DE74951158}.Debug|Any CPU.Build.0 = Debug|Any CPU
		{0367A329-BFF4-1A9C-0EED-75DE74951158}.Release|Any CPU.ActiveCfg = Release|Any CPU
		{0367A329-BFF4-1A9C-0EED-75DE74951158}.Release|Any CPU.Build.0 = Release|Any CPU
	EndGlobalSection
	GlobalSection(SolutionProperties) = preSolution
		HideSolutionNode = FALSE
	EndGlobalSection
	GlobalSection(ExtensibilityGlobals) = postSolution
		SolutionGuid = {0810EA62-3229-49EF-A81E-0A7620012EAB}
	EndGlobalSection
EndGlobal
